<?xml version="1.0" encoding="utf-8"?>
<Project ToolsVersion="4.0" xmlns="http://schemas.microsoft.com/developer/msbuild/2003">
  <ItemGroup>
    <Filter Include="源文件">
      <UniqueIdentifier>{4FC737F1-C7A5-4376-A066-2A32D752A2FF}</UniqueIdentifier>
      <Extensions>cpp;c;cc;cxx;c++;cppm;ixx;def;odl;idl;hpj;bat;asm;asmx</Extensions>
    </Filter>
    <Filter Include="头文件">
      <UniqueIdentifier>{93995380-89BD-4b04-88EB-625FBE52EBFB}</UniqueIdentifier>
      <Extensions>h;hh;hpp;hxx;h++;hm;inl;inc;ipp;xsd</Extensions>
    </Filter>
    <Filter Include="src">
      <UniqueIdentifier>{67DA6AB6-F800-4c08-8B7A-83BB121AAD01}</UniqueIdentifier>
      <Extensions>rc;ico;cur;bmp;dlg;rc2;rct;bin;rgs;gif;jpg;jpeg;jpe;resx;tiff;tif;png;wav;mfcribbon-ms</Extensions>
    </Filter>
    <Filter Include="源文件\LightCaster">
      <UniqueIdentifier>{27baba21-1e34-46d5-a9be-395d30f27bbc}</UniqueIdentifier>
    </Filter>
    <Filter Include="源文件\LightCaster\DirectionLight">
      <UniqueIdentifier>{a7d0f25c-446f-4bac-a4cc-ab2213a4bb32}</UniqueIdentifier>
    </Filter>
    <Filter Include="源文件\LightCaster\PointLight">
      <UniqueIdentifier>{22f9b2f4-04ad-47f2-9ff0-02513f71a9f2}</UniqueIdentifier>
    </Filter>
    <Filter Include="源文件\review">
      <UniqueIdentifier>{f60b4893-93e3-44ea-8efc-b2b2d856cf9e}</UniqueIdentifier>
    </Filter>
    <Filter Include="源文件\DepthTesting">
      <UniqueIdentifier>{b8c96e61-7867-4ac7-b89a-4cd06e0e69e6}</UniqueIdentifier>
    </Filter>
    <Filter Include="源文件\blending">
      <UniqueIdentifier>{b910374f-8d39-4fce-b075-457b14a0b808}</UniqueIdentifier>
    </Filter>
    <Filter Include="源文件\FaceCulling">
      <UniqueIdentifier>{cc3aab86-6480-42cf-adc2-4e28c2b0c45c}</UniqueIdentifier>
    </Filter>
    <Filter Include="源文件\LearnFramebuffers">
      <UniqueIdentifier>{3a3cc1f4-5425-4949-8ec3-912af73ffd13}</UniqueIdentifier>
    </Filter>
    <Filter Include="源文件\Cubemaps">
      <UniqueIdentifier>{e00b4604-84e3-46d9-b7d3-c6760eb8dd9f}</UniqueIdentifier>
    </Filter>
    <Filter Include="源文件\AdvancedGLSL">
      <UniqueIdentifier>{1fa01c5b-f390-4af6-bfe9-35eca48e7cac}</UniqueIdentifier>
    </Filter>
    <Filter Include="源文件\GeometryShader">
      <UniqueIdentifier>{7ad3cac1-555e-4b21-acd0-59fb843e0ed7}</UniqueIdentifier>
    </Filter>
    <Filter Include="源文件\LearnInstancing">
      <UniqueIdentifier>{025b1861-d009-4853-b7da-ce438c4eab7f}</UniqueIdentifier>
    </Filter>
    <Filter Include="源文件\LearnAntiAlisasing">
      <UniqueIdentifier>{ad6ec75f-b024-404f-ab5e-f5a764bb68c9}</UniqueIdentifier>
    </Filter>
    <Filter Include="源文件\AdvancedLight">
      <UniqueIdentifier>{7e9fa57e-e98d-4e1f-8a5f-81d38b165a62}</UniqueIdentifier>
    </Filter>
    <Filter Include="源文件\GammaCorrection">
      <UniqueIdentifier>{eaeede14-f046-44d6-af8d-60d832395a25}</UniqueIdentifier>
    </Filter>
    <Filter Include="源文件\ShadowMapping">
      <UniqueIdentifier>{f99a77bf-3aed-4f7f-bf16-ca74b7a7d3e8}</UniqueIdentifier>
    </Filter>
    <Filter Include="源文件\NormalMapping">
      <UniqueIdentifier>{9171b468-ba24-4378-93f3-5845c70951bf}</UniqueIdentifier>
    </Filter>
    <Filter Include="源文件\ParallaxMapping">
      <UniqueIdentifier>{c2a00f2e-83fa-4963-96e1-f418c159dfe4}</UniqueIdentifier>
    </Filter>
    <Filter Include="源文件\HDR">
      <UniqueIdentifier>{797434fa-67fc-4a06-93eb-e7491dd2ab6b}</UniqueIdentifier>
    </Filter>
  </ItemGroup>
  <ItemGroup>
    <ClCompile Include="TrianglePractice1.cpp">
      <Filter>源文件</Filter>
    </ClCompile>
    <ClCompile Include="..\..\..\OpenGL\glad\src\glad.c">
      <Filter>头文件</Filter>
    </ClCompile>
    <ClCompile Include="TrianglePractice2.cpp">
      <Filter>源文件</Filter>
    </ClCompile>
    <ClCompile Include="TrianglePractice3.cpp">
      <Filter>源文件</Filter>
    </ClCompile>
    <ClCompile Include="LearnGLSL.cpp">
      <Filter>源文件</Filter>
    </ClCompile>
    <ClCompile Include="shader.h">
      <Filter>头文件</Filter>
    </ClCompile>
    <ClCompile Include="UseShader.cpp">
      <Filter>源文件</Filter>
    </ClCompile>
    <ClCompile Include="GLSLPractice1.cpp">
      <Filter>源文件</Filter>
    </ClCompile>
    <ClCompile Include="GLSLPractice2.cpp">
      <Filter>源文件</Filter>
    </ClCompile>
    <ClCompile Include="GLSLPractice3.cpp">
      <Filter>源文件</Filter>
    </ClCompile>
    <ClCompile Include="LearnTextures.cpp">
      <Filter>源文件</Filter>
    </ClCompile>
    <ClCompile Include="TexturePractice2.cpp">
      <Filter>源文件</Filter>
    </ClCompile>
    <ClCompile Include="testCon.cpp">
      <Filter>源文件</Filter>
    </ClCompile>
    <ClCompile Include="TexturePractice3.cpp">
      <Filter>源文件</Filter>
    </ClCompile>
    <ClCompile Include="TexturePractice4.cpp">
      <Filter>源文件</Filter>
    </ClCompile>
    <ClCompile Include="LearnTrans.cpp">
      <Filter>源文件</Filter>
    </ClCompile>
    <ClCompile Include="TransformPractice1.cpp">
      <Filter>源文件</Filter>
    </ClCompile>
    <ClCompile Include="TransformPractice2.cpp">
      <Filter>源文件</Filter>
    </ClCompile>
    <ClCompile Include="LearnCoordinate.cpp">
      <Filter>源文件</Filter>
    </ClCompile>
    <ClCompile Include="CoordinatePractice.cpp">
      <Filter>源文件</Filter>
    </ClCompile>
    <ClCompile Include="LearnCamera.cpp">
      <Filter>源文件</Filter>
    </ClCompile>
    <ClCompile Include="UseCamera.cpp">
      <Filter>源文件</Filter>
    </ClCompile>
    <ClCompile Include="LearnColor.cpp">
      <Filter>源文件</Filter>
    </ClCompile>
    <ClCompile Include="LearnReflect.cpp">
      <Filter>源文件</Filter>
    </ClCompile>
    <ClCompile Include="LearnMaterials.cpp">
      <Filter>源文件</Filter>
    </ClCompile>
    <ClCompile Include="LearnSunshinepicture.cpp">
      <Filter>源文件</Filter>
    </ClCompile>
    <ClCompile Include="SPtest.cpp">
      <Filter>源文件</Filter>
    </ClCompile>
    <ClCompile Include="LearnLightCast.cpp">
      <Filter>源文件</Filter>
    </ClCompile>
    <ClCompile Include="LearnMutipleLights.cpp">
      <Filter>源文件</Filter>
    </ClCompile>
    <ClCompile Include="testmultiplelight.cpp">
      <Filter>源文件</Filter>
    </ClCompile>
    <ClCompile Include="directionlight.cpp">
      <Filter>源文件\LightCaster\DirectionLight</Filter>
    </ClCompile>
    <ClCompile Include="pointlight.cpp">
      <Filter>源文件\LightCaster\PointLight</Filter>
    </ClCompile>
    <ClCompile Include="LearnAssimp.cpp">
      <Filter>源文件</Filter>
    </ClCompile>
    <ClCompile Include="reviewlight.cpp">
      <Filter>源文件\review</Filter>
    </ClCompile>
    <ClCompile Include="LearnDepthTesting.cpp">
      <Filter>源文件\DepthTesting</Filter>
    </ClCompile>
    <ClCompile Include="blending.cpp">
      <Filter>源文件\blending</Filter>
    </ClCompile>
    <ClCompile Include="faceculling.cpp">
      <Filter>源文件\FaceCulling</Filter>
    </ClCompile>
    <ClCompile Include="LearnFrameBuffers.cpp">
      <Filter>源文件\LearnFramebuffers</Filter>
    </ClCompile>
    <ClCompile Include="ttt.cpp">
      <Filter>源文件\LearnFramebuffers</Filter>
    </ClCompile>
    <ClCompile Include="Learncubemaps.cpp">
      <Filter>源文件\Cubemaps</Filter>
    </ClCompile>
    <ClCompile Include="LearnAdvancedGLSL.cpp">
      <Filter>源文件\AdvancedGLSL</Filter>
    </ClCompile>
    <ClCompile Include="newUniform.cpp">
      <Filter>源文件\AdvancedGLSL</Filter>
    </ClCompile>
    <ClCompile Include="LearnGeometryShader.cpp">
      <Filter>源文件\GeometryShader</Filter>
    </ClCompile>
    <ClCompile Include="LearnGeoExplod.cpp">
      <Filter>源文件\GeometryShader</Filter>
    </ClCompile>
    <ClCompile Include="Learninstancing.cpp">
      <Filter>源文件\LearnInstancing</Filter>
    </ClCompile>
    <ClCompile Include="LearnPlantAndRock.cpp">
      <Filter>源文件\LearnInstancing</Filter>
    </ClCompile>
    <ClCompile Include="Learnantialisasing.cpp">
      <Filter>源文件\LearnAntiAlisasing</Filter>
    </ClCompile>
    <ClCompile Include="LearnAdvancedLight.cpp">
      <Filter>源文件\AdvancedLight</Filter>
    </ClCompile>
    <ClCompile Include="LearnGammaCorrection.cpp">
      <Filter>源文件\GammaCorrection</Filter>
    </ClCompile>
    <ClCompile Include="LearnShadowMapping.cpp">
      <Filter>源文件\ShadowMapping</Filter>
    </ClCompile>
    <ClCompile Include="LearnNormalingMaping.cpp">
      <Filter>源文件\NormalMapping</Filter>
    </ClCompile>
    <ClCompile Include="LearnParallaxMapping.cpp">
      <Filter>源文件\ParallaxMapping</Filter>
    </ClCompile>
    <ClCompile Include="LearnHDR.cpp">
      <Filter>源文件\HDR</Filter>
    </ClCompile>
  </ItemGroup>
  <ItemGroup>
    <None Include="vertexShaderSource.GLSL" />
    <None Include="fragmentShaderSource.GLSL" />
    <None Include="vertexShaderSource_Texture3.GLSL" />
    <None Include="fragmentShaderSource_Texture3.GLSL" />
    <None Include="vertexShaderSource_Texture4.GLSL" />
    <None Include="fragmentShaderSource_Texture4.GLSL" />
    <None Include="vertexShaderSource_Transform1.GLSL" />
    <None Include="fragmentShaderSource_Transform1.GLSL" />
    <None Include="vertexShaderSource_Coordinate1.GLSL" />
    <None Include="fragmentShaderSource_Coordinate1.GLSL" />
    <None Include="fragmentShaderSource_Camera1.GLSL" />
    <None Include="vertexShaderSource_Camera1.GLSL" />
    <None Include="vertexShaderSource_color1.GLSL" />
    <None Include="fragmentShaderSource_color1.GLSL" />
    <None Include="vertexShaderSource_Light1.GLSL" />
    <None Include="fragmentShaderSource_Light1.GLSL" />
    <None Include="vertexShaderSource_Reflect1.GLSL" />
    <None Include="fragmentShaderSource_Reflect1.GLSL" />
    <None Include="vertexShaderSource_color2.GLSL" />
    <None Include="fragmentShaderSource_color2.GLSL" />
    <None Include="vertexShaderSource_materials.GLSL" />
    <None Include="fragmentShaderSource_materials.GLSL" />
    <None Include="vertexShaderSource_sunshine1.GLSL" />
    <None Include="fragmentShaderSource_sunshine1.GLSL" />
    <None Include="vertexShaderSource_lightcast.GLSL" />
    <None Include="fragmentShaderSource_lightcast.GLSL" />
    <None Include="vertexShaderSource_MultipleLights.GLSL" />
    <None Include="fragmentShaderSource_MultipleLights.GLSL" />
    <None Include="fragmentShaderSource_lightcast1.GLSL" />
    <None Include="vertexShaderSource_direction.GLSL">
      <Filter>源文件\LightCaster\DirectionLight</Filter>
    </None>
    <None Include="fragmentShaderSource_direction.GLSL">
      <Filter>源文件\LightCaster\DirectionLight</Filter>
    </None>
    <None Include="vertexShaderSource_shine.GLSL">
      <Filter>源文件\LightCaster\DirectionLight</Filter>
    </None>
    <None Include="fragmentShaderSource_shine.GLSL">
      <Filter>源文件\LightCaster\DirectionLight</Filter>
    </None>
    <None Include="vertexShaderSource_pointLight.GLSL">
      <Filter>源文件\LightCaster\PointLight</Filter>
    </None>
    <None Include="fragmentShaderSource_pointLight.GLSL">
      <Filter>源文件\LightCaster\PointLight</Filter>
    </None>
    <None Include="vertexShaderSource_pointlightshine.GLSL">
      <Filter>源文件\LightCaster\PointLight</Filter>
    </None>
    <None Include="fragmentShaderSource_pointlightshine.GLSL">
      <Filter>源文件\LightCaster\PointLight</Filter>
    </None>
    <None Include="vertexShaderSource_model.GLSL" />
    <None Include="fragmentShaderSource_model.GLSL" />
    <None Include="vertexShaderSource_review.GLSL">
      <Filter>源文件\review</Filter>
    </None>
    <None Include="fragmentShaderSource_review.GLSL">
      <Filter>源文件\review</Filter>
    </None>
    <None Include="vertexShaderSource_reviewlight.GLSL">
      <Filter>源文件\review</Filter>
    </None>
    <None Include="fragmentShaderSource_reviewlight.GLSL">
      <Filter>源文件\review</Filter>
    </None>
    <None Include="vertexShaderSource_AssimpLight.GLSL" />
    <None Include="fragmentShaderSource_AssimpLight.GLSL" />
    <None Include="vertexShaderSource_depthtesting.GLSL">
      <Filter>源文件\DepthTesting</Filter>
    </None>
    <None Include="fragmentShaderSource_depthtesting.GLSL">
      <Filter>源文件\DepthTesting</Filter>
    </None>
    <None Include="vertexShaderSource_singalColor.GLSL">
      <Filter>源文件\DepthTesting</Filter>
    </None>
    <None Include="fragmentShaderSource_singalColor.GLSL">
      <Filter>源文件\DepthTesting</Filter>
    </None>
    <None Include="vertexShaderSource_blending.GLSL">
      <Filter>源文件\blending</Filter>
    </None>
    <None Include="fragmentShaderSource_blending.GLSL">
      <Filter>源文件\blending</Filter>
    </None>
    <None Include="vertexShaderSource_facebulling.GLSL">
      <Filter>源文件\FaceCulling</Filter>
    </None>
    <None Include="fragmentShaderSource_faceculling.GLSL" />
    <None Include="vertexShaderSource_framebuffers.GLSL">
      <Filter>源文件\LearnFramebuffers</Filter>
    </None>
    <None Include="fragmentShaderSource_framebuffers.GLSL">
      <Filter>源文件\LearnFramebuffers</Filter>
    </None>
    <None Include="vertexShaderSource_framebuffersscreen.GLSL">
      <Filter>源文件\LearnFramebuffers</Filter>
    </None>
    <None Include="fragmentShaderSource_framebuffersscreen.GLSL">
      <Filter>源文件\LearnFramebuffers</Filter>
    </None>
    <None Include="vertexShaderSource_cubemaps.GLSL">
      <Filter>源文件\Cubemaps</Filter>
    </None>
    <None Include="fragmentShaderSource_cubemaps.GLSL">
      <Filter>源文件\Cubemaps</Filter>
    </None>
    <None Include="vertexShaderSource_skybox.GLSL">
      <Filter>源文件\Cubemaps</Filter>
    </None>
    <None Include="fragmentShaderSource_skybox.GLSL">
      <Filter>源文件\Cubemaps</Filter>
    </None>
    <None Include="vertexShaderSource_advanvedGLSL.GLSL">
      <Filter>源文件\AdvancedGLSL</Filter>
    </None>
    <None Include="vertexShaderSource_advance1.GLSL">
      <Filter>源文件\AdvancedGLSL</Filter>
    </None>
    <None Include="fragmentShaderSource_advancedGLSL.GLSL">
      <Filter>源文件\AdvancedGLSL</Filter>
    </None>
    <None Include="vertexShaderSource_advance2.GLSL">
      <Filter>源文件\AdvancedGLSL</Filter>
    </None>
    <None Include="vertexShaderSource_advance3.GLSL">
      <Filter>源文件\AdvancedGLSL</Filter>
    </None>
    <None Include="vertexShaderSource_advance4.GLSL">
      <Filter>源文件\AdvancedGLSL</Filter>
    </None>
    <None Include="fragmentShaderSource_advanceRed.GLSL">
      <Filter>源文件\AdvancedGLSL</Filter>
    </None>
    <None Include="fragmentShaderSource_advanceGreen.GLSL">
      <Filter>源文件\AdvancedGLSL</Filter>
    </None>
    <None Include="fragmentShaderSource_advanceBlue.GLSL">
      <Filter>源文件\AdvancedGLSL</Filter>
    </None>
    <None Include="fragmentShaderSource_advanceYellow.GLSL">
      <Filter>源文件\AdvancedGLSL</Filter>
    </None>
    <None Include="vertexShaderSource_geo.GLSL">
      <Filter>源文件\GeometryShader</Filter>
    </None>
    <None Include="fragmentShaderSource_geo.GLSL">
      <Filter>源文件\GeometryShader</Filter>
    </None>
    <None Include="geometeryShaderSource_geo.GLSL">
      <Filter>源文件\GeometryShader</Filter>
    </None>
    <None Include="vertexShaderSource_goeexplod.GLSL">
      <Filter>源文件\GeometryShader</Filter>
    </None>
    <None Include="fragmentShaderSource_geoexplod.GLSL">
      <Filter>源文件\GeometryShader</Filter>
    </None>
    <None Include="geometryShaderSource_geoexplod.GLSL">
      <Filter>源文件\GeometryShader</Filter>
    </None>
    <None Include="vertexShaderSource_instancing.GLSL">
      <Filter>源文件\LearnInstancing</Filter>
    </None>
    <None Include="fragmentShaderSource_instancing.GLSL">
      <Filter>源文件\LearnInstancing</Filter>
    </None>
    <None Include="vertexShaderSource_planedandrock.GLSL">
      <Filter>源文件\LearnInstancing</Filter>
    </None>
    <None Include="fragmentShaderSource_planetandrock.GLSL">
      <Filter>源文件\LearnInstancing</Filter>
    </None>
    <None Include="vertexShaderSource_rock.GLSL">
      <Filter>源文件\LearnInstancing</Filter>
    </None>
    <None Include="fragmentShaderSource_rock.GLSL">
      <Filter>源文件\LearnInstancing</Filter>
    </None>
    <None Include="vertexShaderSource_aiti.GLSL">
      <Filter>源文件\LearnAntiAlisasing</Filter>
    </None>
    <None Include="framentShaderSource_anti.GLSL">
      <Filter>源文件\LearnAntiAlisasing</Filter>
    </None>
    <None Include="vertexShaderSource_antiScreen.GLSL">
      <Filter>源文件\LearnAntiAlisasing</Filter>
    </None>
    <None Include="fragmentShaderSource_antiScreen.GLSL">
      <Filter>源文件\LearnAntiAlisasing</Filter>
    </None>
    <None Include="vertexShaderSource_advancedlight.GLSL">
      <Filter>源文件\AdvancedLight</Filter>
    </None>
    <None Include="fragmentShaderSource_advancedlight.GLSL">
      <Filter>源文件\AdvancedLight</Filter>
    </None>
    <None Include="vertexShaderSource_gamma.GLSL">
      <Filter>源文件\GammaCorrection</Filter>
    </None>
    <None Include="fragmentShaderSource_gamma.GLSL">
      <Filter>源文件\GammaCorrection</Filter>
    </None>
    <None Include="vertexShaderSource_shadowlight.GLSL">
      <Filter>源文件\ShadowMapping</Filter>
    </None>
    <None Include="fragmentShaderSource_shadowlight.GLSL">
      <Filter>源文件\ShadowMapping</Filter>
    </None>
    <None Include="vertexShaderSource_shadow.GLSL">
      <Filter>源文件\ShadowMapping</Filter>
    </None>
    <None Include="fragmentShaderSource_shadow.GLSL">
      <Filter>源文件\ShadowMapping</Filter>
    </None>
    <None Include="vertexShaderSource_shadowcheck.GLSL">
      <Filter>源文件\ShadowMapping</Filter>
    </None>
    <None Include="fragmentShaderSource_shadowcheck.GLSL">
      <Filter>源文件\ShadowMapping</Filter>
    </None>
    <None Include="vertexShaderSource_normalmapping.GLSL">
      <Filter>源文件\NormalMapping</Filter>
    </None>
    <None Include="fragmentShaderSource_normalmapping.GLSL">
      <Filter>源文件\NormalMapping</Filter>
    </None>
    <None Include="vertexShaderSource_dispmapping.GLSL">
      <Filter>源文件\ParallaxMapping</Filter>
    </None>
    <None Include="fragmentShaderSource_dispmapping.GLSL">
      <Filter>源文件\ParallaxMapping</Filter>
    </None>
  </ItemGroup>
  <ItemGroup>
    <ClInclude Include="stb_image.h">
      <Filter>头文件</Filter>
    </ClInclude>
    <ClInclude Include="resource.h">
      <Filter>头文件</Filter>
    </ClInclude>
    <ClInclude Include="camera.h">
      <Filter>头文件</Filter>
    </ClInclude>
    <ClInclude Include="mesh.h">
      <Filter>头文件</Filter>
    </ClInclude>
    <ClInclude Include="model.h">
      <Filter>头文件</Filter>
    </ClInclude>
  </ItemGroup>
  <ItemGroup>
    <ResourceCompile Include="LearnOpenGL.rc">
      <Filter>src</Filter>
    </ResourceCompile>
  </ItemGroup>
</Project>