<?xml version="1.0" encoding="utf-8"?>
<Project ToolsVersion="4.0" xmlns="http://schemas.microsoft.com/developer/msbuild/2003">
  <ItemGroup>
    <Filter Include="源文件">
      <UniqueIdentifier>{4FC737F1-C7A5-4376-A066-2A32D752A2FF}</UniqueIdentifier>
      <Extensions>cpp;c;cc;cxx;c++;cppm;ixx;def;odl;idl;hpj;bat;asm;asmx</Extensions>
    </Filter>
    <Filter Include="头文件">
      <UniqueIdentifier>{93995380-89BD-4b04-88EB-625FBE52EBFB}</UniqueIdentifier>
      <Extensions>h;hh;hpp;hxx;h++;hm;inl;inc;ipp;xsd</Extensions>
    </Filter>
    <Filter Include="src">
      <UniqueIdentifier>{67DA6AB6-F800-4c08-8B7A-83BB121AAD01}</UniqueIdentifier>
      <Extensions>rc;ico;cur;bmp;dlg;rc2;rct;bin;rgs;gif;jpg;jpeg;jpe;resx;tiff;tif;png;wav;mfcribbon-ms</Extensions>
    </Filter>
  </ItemGroup>
  <ItemGroup>
    <ClCompile Include="TrianglePractice1.cpp">
      <Filter>源文件</Filter>
    </ClCompile>
    <ClCompile Include="..\..\..\OpenGL\glad\src\glad.c">
      <Filter>头文件</Filter>
    </ClCompile>
    <ClCompile Include="TrianglePractice2.cpp">
      <Filter>源文件</Filter>
    </ClCompile>
    <ClCompile Include="TrianglePractice3.cpp">
      <Filter>源文件</Filter>
    </ClCompile>
    <ClCompile Include="LearnGLSL.cpp">
      <Filter>源文件</Filter>
    </ClCompile>
    <ClCompile Include="shader.h">
      <Filter>头文件</Filter>
    </ClCompile>
    <ClCompile Include="UseShader.cpp">
      <Filter>源文件</Filter>
    </ClCompile>
    <ClCompile Include="GLSLPractice1.cpp">
      <Filter>源文件</Filter>
    </ClCompile>
    <ClCompile Include="GLSLPractice2.cpp">
      <Filter>源文件</Filter>
    </ClCompile>
    <ClCompile Include="GLSLPractice3.cpp">
      <Filter>源文件</Filter>
    </ClCompile>
    <ClCompile Include="LearnTextures.cpp">
      <Filter>源文件</Filter>
    </ClCompile>
    <ClCompile Include="TexturePractice2.cpp">
      <Filter>源文件</Filter>
    </ClCompile>
    <ClCompile Include="testCon.cpp">
      <Filter>源文件</Filter>
    </ClCompile>
    <ClCompile Include="TexturePractice3.cpp">
      <Filter>源文件</Filter>
    </ClCompile>
    <ClCompile Include="TexturePractice4.cpp">
      <Filter>源文件</Filter>
    </ClCompile>
    <ClCompile Include="LearnTrans.cpp">
      <Filter>源文件</Filter>
    </ClCompile>
    <ClCompile Include="TransformPractice1.cpp">
      <Filter>源文件</Filter>
    </ClCompile>
    <ClCompile Include="TransformPractice2.cpp">
      <Filter>源文件</Filter>
    </ClCompile>
    <ClCompile Include="LearnCoordinate.cpp">
      <Filter>源文件</Filter>
    </ClCompile>
    <ClCompile Include="CoordinatePractice.cpp">
      <Filter>源文件</Filter>
    </ClCompile>
    <ClCompile Include="LearnCamera.cpp">
      <Filter>源文件</Filter>
    </ClCompile>
    <ClCompile Include="UseCamera.cpp">
      <Filter>源文件</Filter>
    </ClCompile>
    <ClCompile Include="LearnColor.cpp">
      <Filter>源文件</Filter>
    </ClCompile>
    <ClCompile Include="LearnReflect.cpp">
      <Filter>源文件</Filter>
    </ClCompile>
    <ClCompile Include="LearnMaterials.cpp">
      <Filter>源文件</Filter>
    </ClCompile>
    <ClCompile Include="LearnSunshinepicture.cpp">
      <Filter>源文件</Filter>
    </ClCompile>
    <ClCompile Include="SPtest.cpp">
      <Filter>源文件</Filter>
    </ClCompile>
    <ClCompile Include="LearnLightCast.cpp">
      <Filter>源文件</Filter>
    </ClCompile>
  </ItemGroup>
  <ItemGroup>
    <None Include="vertexShaderSource.GLSL" />
    <None Include="fragmentShaderSource.GLSL" />
    <None Include="vertexShaderSource_Texture3.GLSL" />
    <None Include="fragmentShaderSource_Texture3.GLSL" />
    <None Include="vertexShaderSource_Texture4.GLSL" />
    <None Include="fragmentShaderSource_Texture4.GLSL" />
    <None Include="vertexShaderSource_Transform1.GLSL" />
    <None Include="fragmentShaderSource_Transform1.GLSL" />
    <None Include="vertexShaderSource_Coordinate1.GLSL" />
    <None Include="fragmentShaderSource_Coordinate1.GLSL" />
    <None Include="fragmentShaderSource_Camera1.GLSL" />
    <None Include="vertexShaderSource_Camera1.GLSL" />
    <None Include="vertexShaderSource_color1.GLSL" />
    <None Include="fragmentShaderSource_color1.GLSL" />
    <None Include="vertexShaderSource_Light1.GLSL" />
    <None Include="fragmentShaderSource_Light1.GLSL" />
    <None Include="vertexShaderSource_Reflect1.GLSL" />
    <None Include="fragmentShaderSource_Reflect1.GLSL" />
    <None Include="vertexShaderSource_color2.GLSL" />
    <None Include="fragmentShaderSource_color2.GLSL" />
    <None Include="vertexShaderSource_materials.GLSL" />
    <None Include="fragmentShaderSource_materials.GLSL" />
    <None Include="vertexShaderSource_sunshine1.GLSL" />
    <None Include="fragmentShaderSource_sunshine1.GLSL" />
    <None Include="vertexShaderSource_lightcast.GLSL" />
    <None Include="fragmentShaderSource_lightcast.GLSL" />
  </ItemGroup>
  <ItemGroup>
    <ClInclude Include="stb_image.h">
      <Filter>头文件</Filter>
    </ClInclude>
    <ClInclude Include="resource.h">
      <Filter>头文件</Filter>
    </ClInclude>
    <ClInclude Include="camera.h">
      <Filter>头文件</Filter>
    </ClInclude>
  </ItemGroup>
  <ItemGroup>
    <ResourceCompile Include="LearnOpenGL.rc">
      <Filter>src</Filter>
    </ResourceCompile>
  </ItemGroup>
</Project>